// !$*UTF8*$!
{
	archiveVersion = 1;
	classes = {
	};
	objectVersion = 55;
	objects = {

/* Begin PBXBuildFile section */
		A044DB1D2806E899000C8D4F /* UDManager.swift in Sources */ = {isa = PBXBuildFile; fileRef = A044DB1C2806E899000C8D4F /* UDManager.swift */; };
		A047C3852806059300AA300B /* ProfileEditor.swift in Sources */ = {isa = PBXBuildFile; fileRef = A047C3842806059300AA300B /* ProfileEditor.swift */; };
		A0A7FA112805E80E00CFF363 /* alexFireApp.swift in Sources */ = {isa = PBXBuildFile; fileRef = A0A7FA102805E80E00CFF363 /* alexFireApp.swift */; };
		A0A7FA132805E80E00CFF363 /* ContentView.swift in Sources */ = {isa = PBXBuildFile; fileRef = A0A7FA122805E80E00CFF363 /* ContentView.swift */; };
		A0A7FA152805E80F00CFF363 /* Assets.xcassets in Resources */ = {isa = PBXBuildFile; fileRef = A0A7FA142805E80F00CFF363 /* Assets.xcassets */; };
		A0A7FA182805E80F00CFF363 /* Preview Assets.xcassets in Resources */ = {isa = PBXBuildFile; fileRef = A0A7FA172805E80F00CFF363 /* Preview Assets.xcassets */; };
		A0A7FA1F2805E98C00CFF363 /* HomeView.swift in Sources */ = {isa = PBXBuildFile; fileRef = A0A7FA1E2805E98C00CFF363 /* HomeView.swift */; };
		A0A7FA212805E99F00CFF363 /* ProfileView.swift in Sources */ = {isa = PBXBuildFile; fileRef = A0A7FA202805E99F00CFF363 /* ProfileView.swift */; };
		A0A7FA252805F02600CFF363 /* PostItem.swift in Sources */ = {isa = PBXBuildFile; fileRef = A0A7FA242805F02600CFF363 /* PostItem.swift */; };
		A0A7FA282805F03000CFF363 /* Post.swift in Sources */ = {isa = PBXBuildFile; fileRef = A0A7FA272805F03000CFF363 /* Post.swift */; };
		A0A7FA2B2805F71800CFF363 /* StateManager.swift in Sources */ = {isa = PBXBuildFile; fileRef = A0A7FA2A2805F71800CFF363 /* StateManager.swift */; };
		A0A7FA2D2805FAD800CFF363 /* ImagePicker.swift in Sources */ = {isa = PBXBuildFile; fileRef = A0A7FA2C2805FAD800CFF363 /* ImagePicker.swift */; };
/* End PBXBuildFile section */

/* Begin PBXFileReference section */
		A044DB1C2806E899000C8D4F /* UDManager.swift */ = {isa = PBXFileReference; lastKnownFileType = sourcecode.swift; path = UDManager.swift; sourceTree = "<group>"; };
		A047C3842806059300AA300B /* ProfileEditor.swift */ = {isa = PBXFileReference; lastKnownFileType = sourcecode.swift; path = ProfileEditor.swift; sourceTree = "<group>"; };
		A0A7FA0D2805E80E00CFF363 /* alexFire.app */ = {isa = PBXFileReference; explicitFileType = wrapper.application; includeInIndex = 0; path = alexFire.app; sourceTree = BUILT_PRODUCTS_DIR; };
		A0A7FA102805E80E00CFF363 /* alexFireApp.swift */ = {isa = PBXFileReference; lastKnownFileType = sourcecode.swift; path = alexFireApp.swift; sourceTree = "<group>"; };
		A0A7FA122805E80E00CFF363 /* ContentView.swift */ = {isa = PBXFileReference; lastKnownFileType = sourcecode.swift; path = ContentView.swift; sourceTree = "<group>"; };
		A0A7FA142805E80F00CFF363 /* Assets.xcassets */ = {isa = PBXFileReference; lastKnownFileType = folder.assetcatalog; path = Assets.xcassets; sourceTree = "<group>"; };
		A0A7FA172805E80F00CFF363 /* Preview Assets.xcassets */ = {isa = PBXFileReference; lastKnownFileType = folder.assetcatalog; path = "Preview Assets.xcassets"; sourceTree = "<group>"; };
		A0A7FA1E2805E98C00CFF363 /* HomeView.swift */ = {isa = PBXFileReference; lastKnownFileType = sourcecode.swift; path = HomeView.swift; sourceTree = "<group>"; };
		A0A7FA202805E99F00CFF363 /* ProfileView.swift */ = {isa = PBXFileReference; lastKnownFileType = sourcecode.swift; path = ProfileView.swift; sourceTree = "<group>"; };
		A0A7FA242805F02600CFF363 /* PostItem.swift */ = {isa = PBXFileReference; lastKnownFileType = sourcecode.swift; path = PostItem.swift; sourceTree = "<group>"; };
		A0A7FA272805F03000CFF363 /* Post.swift */ = {isa = PBXFileReference; lastKnownFileType = sourcecode.swift; path = Post.swift; sourceTree = "<group>"; };
		A0A7FA2A2805F71800CFF363 /* StateManager.swift */ = {isa = PBXFileReference; lastKnownFileType = sourcecode.swift; path = StateManager.swift; sourceTree = "<group>"; };
		A0A7FA2C2805FAD800CFF363 /* ImagePicker.swift */ = {isa = PBXFileReference; lastKnownFileType = sourcecode.swift; path = ImagePicker.swift; sourceTree = "<group>"; };
/* End PBXFileReference section */

/* Begin PBXFrameworksBuildPhase section */
		A0A7FA0A2805E80E00CFF363 /* Frameworks */ = {
			isa = PBXFrameworksBuildPhase;
			buildActionMask = 2147483647;
			files = (
			);
			runOnlyForDeploymentPostprocessing = 0;
		};
/* End PBXFrameworksBuildPhase section */

/* Begin PBXGroup section */
		A0A7FA042805E80E00CFF363 = {
			isa = PBXGroup;
			children = (
				A0A7FA0F2805E80E00CFF363 /* alexFire */,
				A0A7FA0E2805E80E00CFF363 /* Products */,
			);
			sourceTree = "<group>";
		};
		A0A7FA0E2805E80E00CFF363 /* Products */ = {
			isa = PBXGroup;
			children = (
				A0A7FA0D2805E80E00CFF363 /* alexFire.app */,
			);
			name = Products;
			sourceTree = "<group>";
		};
		A0A7FA0F2805E80E00CFF363 /* alexFire */ = {
			isa = PBXGroup;
			children = (
				A0A7FA292805F70D00CFF363 /* Managers */,
				A0A7FA262805F02A00CFF363 /* Model */,
				A0A7FA222805E9A800CFF363 /* View  */,
				A0A7FA102805E80E00CFF363 /* alexFireApp.swift */,
				A0A7FA142805E80F00CFF363 /* Assets.xcassets */,
				A0A7FA162805E80F00CFF363 /* Preview Content */,
			);
			path = alexFire;
			sourceTree = "<group>";
		};
		A0A7FA162805E80F00CFF363 /* Preview Content */ = {
			isa = PBXGroup;
			children = (
				A0A7FA172805E80F00CFF363 /* Preview Assets.xcassets */,
			);
			path = "Preview Content";
			sourceTree = "<group>";
		};
		A0A7FA222805E9A800CFF363 /* View  */ = {
			isa = PBXGroup;
			children = (
				A0A7FA122805E80E00CFF363 /* ContentView.swift */,
				A0A7FA242805F02600CFF363 /* PostItem.swift */,
				A0A7FA202805E99F00CFF363 /* ProfileView.swift */,
				A0A7FA1E2805E98C00CFF363 /* HomeView.swift */,
				A0A7FA2C2805FAD800CFF363 /* ImagePicker.swift */,
			);
			path = "View ";
			sourceTree = "<group>";
		};
		A0A7FA262805F02A00CFF363 /* Model */ = {
			isa = PBXGroup;
			children = (
				A0A7FA272805F03000CFF363 /* Post.swift */,
			);
			path = Model;
			sourceTree = "<group>";
		};
		A0A7FA292805F70D00CFF363 /* Managers */ = {
			isa = PBXGroup;
			children = (
				A0A7FA2A2805F71800CFF363 /* StateManager.swift */,
				A047C3842806059300AA300B /* ProfileEditor.swift */,
				A044DB1C2806E899000C8D4F /* UDManager.swift */,
			);
			path = Managers;
			sourceTree = "<group>";
		};
/* End PBXGroup section */

/* Begin PBXNativeTarget section */
		A0A7FA0C2805E80E00CFF363 /* alexFire */ = {
			isa = PBXNativeTarget;
			buildConfigurationList = A0A7FA1B2805E80F00CFF363 /* Build configuration list for PBXNativeTarget "alexFire" */;
			buildPhases = (
				A0A7FA092805E80E00CFF363 /* Sources */,
				A0A7FA0A2805E80E00CFF363 /* Frameworks */,
				A0A7FA0B2805E80E00CFF363 /* Resources */,
			);
			buildRules = (
			);
			dependencies = (
			);
			name = alexFire;
			productName = alexFire;
			productReference = A0A7FA0D2805E80E00CFF363 /* alexFire.app */;
			productType = "com.apple.product-type.application";
		};
/* End PBXNativeTarget section */

/* Begin PBXProject section */
		A0A7FA052805E80E00CFF363 /* Project object */ = {
			isa = PBXProject;
			attributes = {
				BuildIndependentTargetsInParallel = 1;
				LastSwiftUpdateCheck = 1320;
				LastUpgradeCheck = 1320;
				TargetAttributes = {
					A0A7FA0C2805E80E00CFF363 = {
						CreatedOnToolsVersion = 13.2.1;
					};
				};
			};
			buildConfigurationList = A0A7FA082805E80E00CFF363 /* Build configuration list for PBXProject "alexFire" */;
			compatibilityVersion = "Xcode 13.0";
			developmentRegion = en;
			hasScannedForEncodings = 0;
			knownRegions = (
				en,
				Base,
			);
			mainGroup = A0A7FA042805E80E00CFF363;
			productRefGroup = A0A7FA0E2805E80E00CFF363 /* Products */;
			projectDirPath = "";
			projectRoot = "";
			targets = (
				A0A7FA0C2805E80E00CFF363 /* alexFire */,
			);
		};
/* End PBXProject section */

/* Begin PBXResourcesBuildPhase section */
		A0A7FA0B2805E80E00CFF363 /* Resources */ = {
			isa = PBXResourcesBuildPhase;
			buildActionMask = 2147483647;
			files = (
				A0A7FA182805E80F00CFF363 /* Preview Assets.xcassets in Resources */,
				A0A7FA152805E80F00CFF363 /* Assets.xcassets in Resources */,
			);
			runOnlyForDeploymentPostprocessing = 0;
		};
/* End PBXResourcesBuildPhase section */

/* Begin PBXSourcesBuildPhase section */
		A0A7FA092805E80E00CFF363 /* Sources */ = {
			isa = PBXSourcesBuildPhase;
			buildActionMask = 2147483647;
			files = (
				A0A7FA212805E99F00CFF363 /* ProfileView.swift in Sources */,
				A0A7FA1F2805E98C00CFF363 /* HomeView.swift in Sources */,
				A0A7FA252805F02600CFF363 /* PostItem.swift in Sources */,
				A0A7FA2B2805F71800CFF363 /* StateManager.swift in Sources */,
				A0A7FA282805F03000CFF363 /* Post.swift in Sources */,
				A0A7FA2D2805FAD800CFF363 /* ImagePicker.swift in Sources */,
				A0A7FA132805E80E00CFF363 /* ContentView.swift in Sources */,
				A0A7FA112805E80E00CFF363 /* alexFireApp.swift in Sources */,
				A044DB1D2806E899000C8D4F /* UDManager.swift in Sources */,
				A047C3852806059300AA300B /* ProfileEditor.swift in Sources */,
			);
			runOnlyForDeploymentPostprocessing = 0;
		};
/* End PBXSourcesBuildPhase section */

/* Begin XCBuildConfiguration section */
		A0A7FA192805E80F00CFF363 /* Debug */ = {
			isa = XCBuildConfiguration;
			buildSettings = {
				ALWAYS_SEARCH_USER_PATHS = NO;
				CLANG_ANALYZER_NONNULL = YES;
				CLANG_ANALYZER_NUMBER_OBJECT_CONVERSION = YES_AGGRESSIVE;
				CLANG_CXX_LANGUAGE_STANDARD = "gnu++17";
				CLANG_CXX_LIBRARY = "libc++";
				CLANG_ENABLE_MODULES = YES;
				CLANG_ENABLE_OBJC_ARC = YES;
				CLANG_ENABLE_OBJC_WEAK = YES;
				CLANG_WARN_BLOCK_CAPTURE_AUTORELEASING = YES;
				CLANG_WARN_BOOL_CONVERSION = YES;
				CLANG_WARN_COMMA = YES;
				CLANG_WARN_CONSTANT_CONVERSION = YES;
				CLANG_WARN_DEPRECATED_OBJC_IMPLEMENTATIONS = YES;
				CLANG_WARN_DIRECT_OBJC_ISA_USAGE = YES_ERROR;
				CLANG_WARN_DOCUMENTATION_COMMENTS = YES;
				CLANG_WARN_EMPTY_BODY = YES;
				CLANG_WARN_ENUM_CONVERSION = YES;
				CLANG_WARN_INFINITE_RECURSION = YES;
				CLANG_WARN_INT_CONVERSION = YES;
				CLANG_WARN_NON_LITERAL_NULL_CONVERSION = YES;
				CLANG_WARN_OBJC_IMPLICIT_RETAIN_SELF = YES;
				CLANG_WARN_OBJC_LITERAL_CONVERSION = YES;
				CLANG_WARN_OBJC_ROOT_CLASS = YES_ERROR;
				CLANG_WARN_QUOTED_INCLUDE_IN_FRAMEWORK_HEADER = YES;
				CLANG_WARN_RANGE_LOOP_ANALYSIS = YES;
				CLANG_WARN_STRICT_PROTOTYPES = YES;
				CLANG_WARN_SUSPICIOUS_MOVE = YES;
				CLANG_WARN_UNGUARDED_AVAILABILITY = YES_AGGRESSIVE;
				CLANG_WARN_UNREACHABLE_CODE = YES;
				CLANG_WARN__DUPLICATE_METHOD_MATCH = YES;
				COPY_PHASE_STRIP = NO;
				DEBUG_INFORMATION_FORMAT = dwarf;
				ENABLE_STRICT_OBJC_MSGSEND = YES;
				ENABLE_TESTABILITY = YES;
				GCC_C_LANGUAGE_STANDARD = gnu11;
				GCC_DYNAMIC_NO_PIC = NO;
				GCC_NO_COMMON_BLOCKS = YES;
				GCC_OPTIMIZATION_LEVEL = 0;
				GCC_PREPROCESSOR_DEFINITIONS = (
					"DEBUG=1",
					"$(inherited)",
				);
				GCC_WARN_64_TO_32_BIT_CONVERSION = YES;
				GCC_WARN_ABOUT_RETURN_TYPE = YES_ERROR;
				GCC_WARN_UNDECLARED_SELECTOR = YES;
				GCC_WARN_UNINITIALIZED_AUTOS = YES_AGGRESSIVE;
				GCC_WARN_UNUSED_FUNCTION = YES;
				GCC_WARN_UNUSED_VARIABLE = YES;
				IPHONEOS_DEPLOYMENT_TARGET = 15.2;
				MTL_ENABLE_DEBUG_INFO = INCLUDE_SOURCE;
				MTL_FAST_MATH = YES;
				ONLY_ACTIVE_ARCH = YES;
				SDKROOT = iphoneos;
				SWIFT_ACTIVE_COMPILATION_CONDITIONS = DEBUG;
				SWIFT_OPTIMIZATION_LEVEL = "-Onone";
			};
			name = Debug;
		};
		A0A7FA1A2805E80F00CFF363 /* Release */ = {
			isa = XCBuildConfiguration;
			buildSettings = {
				ALWAYS_SEARCH_USER_PATHS = NO;
				CLANG_ANALYZER_NONNULL = YES;
				CLANG_ANALYZER_NUMBER_OBJECT_CONVERSION = YES_AGGRESSIVE;
				CLANG_CXX_LANGUAGE_STANDARD = "gnu++17";
				CLANG_CXX_LIBRARY = "libc++";
				CLANG_ENABLE_MODULES = YES;
				CLANG_ENABLE_OBJC_ARC = YES;
				CLANG_ENABLE_OBJC_WEAK = YES;
				CLANG_WARN_BLOCK_CAPTURE_AUTORELEASING = YES;
				CLANG_WARN_BOOL_CONVERSION = YES;
				CLANG_WARN_COMMA = YES;
				CLANG_WARN_CONSTANT_CONVERSION = YES;
				CLANG_WARN_DEPRECATED_OBJC_IMPLEMENTATIONS = YES;
				CLANG_WARN_DIRECT_OBJC_ISA_USAGE = YES_ERROR;
				CLANG_WARN_DOCUMENTATION_COMMENTS = YES;
				CLANG_WARN_EMPTY_BODY = YES;
				CLANG_WARN_ENUM_CONVERSION = YES;
				CLANG_WARN_INFINITE_RECURSION = YES;
				CLANG_WARN_INT_CONVERSION = YES;
				CLANG_WARN_NON_LITERAL_NULL_CONVERSION = YES;
				CLANG_WARN_OBJC_IMPLICIT_RETAIN_SELF = YES;
				CLANG_WARN_OBJC_LITERAL_CONVERSION = YES;
				CLANG_WARN_OBJC_ROOT_CLASS = YES_ERROR;
				CLANG_WARN_QUOTED_INCLUDE_IN_FRAMEWORK_HEADER = YES;
				CLANG_WARN_RANGE_LOOP_ANALYSIS = YES;
				CLANG_WARN_STRICT_PROTOTYPES = YES;
				CLANG_WARN_SUSPICIOUS_MOVE = YES;
				CLANG_WARN_UNGUARDED_AVAILABILITY = YES_AGGRESSIVE;
				CLANG_WARN_UNREACHABLE_CODE = YES;
				CLANG_WARN__DUPLICATE_METHOD_MATCH = YES;
				COPY_PHASE_STRIP = NO;
				DEBUG_INFORMATION_FORMAT = "dwarf-with-dsym";
				ENABLE_NS_ASSERTIONS = NO;
				ENABLE_STRICT_OBJC_MSGSEND = YES;
				GCC_C_LANGUAGE_STANDARD = gnu11;
				GCC_NO_COMMON_BLOCKS = YES;
				GCC_WARN_64_TO_32_BIT_CONVERSION = YES;
				GCC_WARN_ABOUT_RETURN_TYPE = YES_ERROR;
				GCC_WARN_UNDECLARED_SELECTOR = YES;
				GCC_WARN_UNINITIALIZED_AUTOS = YES_AGGRESSIVE;
				GCC_WARN_UNUSED_FUNCTION = YES;
				GCC_WARN_UNUSED_VARIABLE = YES;
				IPHONEOS_DEPLOYMENT_TARGET = 15.2;
				MTL_ENABLE_DEBUG_INFO = NO;
				MTL_FAST_MATH = YES;
				SDKROOT = iphoneos;
				SWIFT_COMPILATION_MODE = wholemodule;
				SWIFT_OPTIMIZATION_LEVEL = "-O";
				VALIDATE_PRODUCT = YES;
			};
			name = Release;
		};
		A0A7FA1C2805E80F00CFF363 /* Debug */ = {
			isa = XCBuildConfiguration;
			buildSettings = {
				ASSETCATALOG_COMPILER_APPICON_NAME = AppIcon;
				ASSETCATALOG_COMPILER_GLOBAL_ACCENT_COLOR_NAME = AccentColor;
				CODE_SIGN_STYLE = Automatic;
				CURRENT_PROJECT_VERSION = 1;
				DEVELOPMENT_ASSET_PATHS = "\"alexFire/Preview Content\"";
				DEVELOPMENT_TEAM = CWJGT3SS6R;
				ENABLE_PREVIEWS = YES;
				GENERATE_INFOPLIST_FILE = YES;
				INFOPLIST_KEY_UIApplicationSceneManifest_Generation = YES;
				INFOPLIST_KEY_UIApplicationSupportsIndirectInputEvents = YES;
				INFOPLIST_KEY_UILaunchScreen_Generation = YES;
				INFOPLIST_KEY_UISupportedInterfaceOrientations_iPad = "UIInterfaceOrientationPortrait UIInterfaceOrientationPortraitUpsideDown UIInterfaceOrientationLandscapeLeft UIInterfaceOrientationLandscapeRight";
				INFOPLIST_KEY_UISupportedInterfaceOrientations_iPhone = "UIInterfaceOrientationPortrait UIInterfaceOrientationLandscapeLeft UIInterfaceOrientationLandscapeRight";
				LD_RUNPATH_SEARCH_PATHS = (
					"$(inherited)",
					"@executable_path/Frameworks",
				);
				MARKETING_VERSION = 1.0;
				PRODUCT_BUNDLE_IDENTIFIER = lapinan.alexFire;
				PRODUCT_NAME = "$(TARGET_NAME)";
				SWIFT_EMIT_LOC_STRINGS = YES;
				SWIFT_VERSION = 5.0;
				TARGETED_DEVICE_FAMILY = "1,2";
			};
			name = Debug;
		};
		A0A7FA1D2805E80F00CFF363 /* Release */ = {
			isa = XCBuildConfiguration;
			buildSettings = {
				ASSETCATALOG_COMPILER_APPICON_NAME = AppIcon;
				ASSETCATALOG_COMPILER_GLOBAL_ACCENT_COLOR_NAME = AccentColor;
				CODE_SIGN_STYLE = Automatic;
				CURRENT_PROJECT_VERSION = 1;
				DEVELOPMENT_ASSET_PATHS = "\"alexFire/Preview Content\"";
				DEVELOPMENT_TEAM = CWJGT3SS6R;
				ENABLE_PREVIEWS = YES;
				GENERATE_INFOPLIST_FILE = YES;
				INFOPLIST_KEY_UIApplicationSceneManifest_Generation = YES;
				INFOPLIST_KEY_UIApplicationSupportsIndirectInputEvents = YES;
				INFOPLIST_KEY_UILaunchScreen_Generation = YES;
				INFOPLIST_KEY_UISupportedInterfaceOrientations_iPad = "UIInterfaceOrientationPortrait UIInterfaceOrientationPortraitUpsideDown UIInterfaceOrientationLandscapeLeft UIInterfaceOrientationLandscapeRight";
				INFOPLIST_KEY_UISupportedInterfaceOrientations_iPhone = "UIInterfaceOrientationPortrait UIInterfaceOrientationLandscapeLeft UIInterfaceOrientationLandscapeRight";
				LD_RUNPATH_SEARCH_PATHS = (
					"$(inherited)",
					"@executable_path/Frameworks",
				);
				MARKETING_VERSION = 1.0;
				PRODUCT_BUNDLE_IDENTIFIER = lapinan.alexFire;
				PRODUCT_NAME = "$(TARGET_NAME)";
				SWIFT_EMIT_LOC_STRINGS = YES;
				SWIFT_VERSION = 5.0;
				TARGETED_DEVICE_FAMILY = "1,2";
			};
			name = Release;
		};
/* End XCBuildConfiguration section */

/* Begin XCConfigurationList section */
		A0A7FA082805E80E00CFF363 /* Build configuration list for PBXProject "alexFire" */ = {
			isa = XCConfigurationList;
			buildConfigurations = (
				A0A7FA192805E80F00CFF363 /* Debug */,
				A0A7FA1A2805E80F00CFF363 /* Release */,
			);
			defaultConfigurationIsVisible = 0;
			defaultConfigurationName = Release;
		};
		A0A7FA1B2805E80F00CFF363 /* Build configuration list for PBXNativeTarget "alexFire" */ = {
			isa = XCConfigurationList;
			buildConfigurations = (
				A0A7FA1C2805E80F00CFF363 /* Debug */,
				A0A7FA1D2805E80F00CFF363 /* Release */,
			);
			defaultConfigurationIsVisible = 0;
			defaultConfigurationName = Release;
		};
/* End XCConfigurationList section */
	};
	rootObject = A0A7FA052805E80E00CFF363 /* Project object */;
}
